
Microsoft Visual Studio Solution File, Format Version 12.00
# Visual Studio 15
VisualStudioVersion = 15.0.28307.1758
MinimumVisualStudioVersion = 10.0.40219.1
Project("{8BC9CEB8-8B4A-11D0-8D11-00A0C91BC942}") = "testKNN", "testKNN.vcxproj", "{6311ACEC-A7A2-4F19-AF60-50745C34FB96}"
EndProject
Global
	GlobalSection(SolutionConfigurationPlatforms) = preSolution
		Debug|x64 = Debug|x64
		Debug|x86 = Debug|x86
		Release|x64 = Release|x64
		Release|x86 = Release|x86
	EndGlobalSection
	GlobalSection(ProjectConfigurationPlatforms) = postSolution
		{6311ACEC-A7A2-4F19-AF60-50745C34FB96}.Debug|x64.ActiveCfg = Debug|x64
		{6311ACEC-A7A2-4F19-AF60-50745C34FB96}.Debug|x64.Build.0 = Debug|x64
		{6311ACEC-A7A2-4F19-AF60-50745C34FB96}.Debug|x86.ActiveCfg = Debug|Win32
		{6311ACEC-A7A2-4F19-AF60-50745C34FB96}.Debug|x86.Build.0 = Debug|Win32
		{6311ACEC-A7A2-4F19-AF60-50745C34FB96}.Release|x64.ActiveCfg = Release|x64
		{6311ACEC-A7A2-4F19-AF60-50745C34FB96}.Release|x64.Build.0 = Release|x64
		{6311ACEC-A7A2-4F19-AF60-50745C34FB96}.Release|x86.ActiveCfg = Release|Win32
		{6311ACEC-A7A2-4F19-AF60-50745C34FB96}.Release|x86.Build.0 = Release|Win32
	EndGlobalSection
	GlobalSection(SolutionProperties) = preSolution
		HideSolutionNode = FALSE
	EndGlobalSection
	GlobalSection(ExtensibilityGlobals) = postSolution
		SolutionGuid = {F02477BF-08F9-4B2D-9BA8-B3354E2BBFA7}
	EndGlobalSection
EndGlobal
